
Microsoft Visual Studio Solution File, Format Version 12.00
# Visual Studio Version 17
VisualStudioVersion = 17.9.34728.123
MinimumVisualStudioVersion = 10.0.40219.1
Project("{FAE04EC0-301F-11D3-BF4B-00C04F79EFBC}") = "eTickets", "eTickets\eTickets.csproj", "{E86FB521-3284-4D80-BAC2-96049B8ECF2D}"
EndProject
Global
	GlobalSection(SolutionConfigurationPlatforms) = preSolution
		Debug|Any CPU = Debug|Any CPU
		Release|Any CPU = Release|Any CPU
	EndGlobalSection
	GlobalSection(ProjectConfigurationPlatforms) = postSolution
		{E86FB521-3284-4D80-BAC2-96049B8ECF2D}.Debug|Any CPU.ActiveCfg = Debug|Any CPU
		{E86FB521-3284-4D80-BAC2-96049B8ECF2D}.Debug|Any CPU.Build.0 = Debug|Any CPU
		{E86FB521-3284-4D80-BAC2-96049B8ECF2D}.Release|Any CPU.ActiveCfg = Release|Any CPU
		{E86FB521-3284-4D80-BAC2-96049B8ECF2D}.Release|Any CPU.Build.0 = Release|Any CPU
	EndGlobalSection
	GlobalSection(SolutionProperties) = preSolution
		HideSolutionNode = FALSE
	EndGlobalSection
	GlobalSection(ExtensibilityGlobals) = postSolution
		SolutionGuid = {C43B4AA7-3F77-4F68-9061-E887F592898C}
	EndGlobalSection
EndGlobal
